{
    "_readme": [
        "This file locks the dependencies of your project to a known state",
        "Read more about it at https://getcomposer.org/doc/01-basic-usage.md#installing-dependencies",
        "This file is @generated automatically"
    ],
    "content-hash": "85e6dc55dfd2b8e361296834e17e086d",
    "packages": [
        {
            "name": "belmvc/belorm",
            "version": "v0.0.2",
            "source": {
                "type": "git",
                "url": "https://github.com/BelMVC/BelORM.git",
                "reference": "62dbd6fb8b31c12c1fe02906f346e32f1c0f4163"
            },
            "dist": {
                "type": "zip",
                "url": "https://api.github.com/repos/BelMVC/BelORM/zipball/62dbd6fb8b31c12c1fe02906f346e32f1c0f4163",
                "reference": "62dbd6fb8b31c12c1fe02906f346e32f1c0f4163",
                "shasum": ""
            },
            "type": "library",
            "notification-url": "https://packagist.org/downloads/",
            "license": [
                "MIT"
            ],
            "authors": [
                {
                    "name": "AntonBeletsky",
                    "email": "antonbeletsky@gmail.com"
                }
            ],
            "description": "ORM",
            "support": {
                "issues": "https://github.com/BelMVC/BelORM/issues",
                "source": "https://github.com/BelMVC/BelORM/tree/v0.0.2"
            },
            "time": "2018-02-01T15:59:55+00:00"
        }
    ],
    "packages-dev": [],
    "aliases": [],
    "minimum-stability": "stable",
    "stability-flags": {},
    "prefer-stable": false,
    "prefer-lowest": false,
    "platform": {},
    "platform-dev": {},
    "plugin-api-version": "2.6.0"
}
